// !$*UTF8*$!
{
	archiveVersion = 1;
	classes = {
	};
	objectVersion = 77;
	objects = {

/* Begin PBXContainerItemProxy section */
		9607B6CF2E06D343007E9E8B /* PBXContainerItemProxy */ = {
			isa = PBXContainerItemProxy;
			containerPortal = 9607B6AD2E06D33A007E9E8B /* Project object */;
			proxyType = 1;
			remoteGlobalIDString = 9607B6B42E06D33A007E9E8B;
			remoteInfo = userDefaultsDemo;
		};
		9607B6D92E06D343007E9E8B /* PBXContainerItemProxy */ = {
			isa = PBXContainerItemProxy;
			containerPortal = 9607B6AD2E06D33A007E9E8B /* Project object */;
			proxyType = 1;
			remoteGlobalIDString = 9607B6B42E06D33A007E9E8B;
			remoteInfo = userDefaultsDemo;
		};
/* End PBXContainerItemProxy section */

/* Begin PBXFileReference section */
		9607B6B52E06D33A007E9E8B /* userDefaultsDemo.app */ = {isa = PBXFileReference; explicitFileType = wrapper.application; includeInIndex = 0; path = userDefaultsDemo.app; sourceTree = BUILT_PRODUCTS_DIR; };
		9607B6CE2E06D343007E9E8B /* userDefaultsDemoTests.xctest */ = {isa = PBXFileReference; explicitFileType = wrapper.cfbundle; includeInIndex = 0; path = userDefaultsDemoTests.xctest; sourceTree = BUILT_PRODUCTS_DIR; };
		9607B6D82E06D343007E9E8B /* userDefaultsDemoUITests.xctest */ = {isa = PBXFileReference; explicitFileType = wrapper.cfbundle; includeInIndex = 0; path = userDefaultsDemoUITests.xctest; sourceTree = BUILT_PRODUCTS_DIR; };
/* End PBXFileReference section */

/* Begin PBXFileSystemSynchronizedBuildFileExceptionSet section */
		9607B6E02E06D343007E9E8B /* Exceptions for "userDefaultsDemo" folder in "userDefaultsDemo" target */ = {
			isa = PBXFileSystemSynchronizedBuildFileExceptionSet;
			membershipExceptions = (
				Info.plist,
			);
			target = 9607B6B42E06D33A007E9E8B /* userDefaultsDemo */;
		};
/* End PBXFileSystemSynchronizedBuildFileExceptionSet section */

/* Begin PBXFileSystemSynchronizedRootGroup section */
		9607B6B72E06D33A007E9E8B /* userDefaultsDemo */ = {
			isa = PBXFileSystemSynchronizedRootGroup;
			exceptions = (
				9607B6E02E06D343007E9E8B /* Exceptions for "userDefaultsDemo" folder in "userDefaultsDemo" target */,
			);
			path = userDefaultsDemo;
			sourceTree = "<group>";
		};
		9607B6D12E06D343007E9E8B /* userDefaultsDemoTests */ = {
			isa = PBXFileSystemSynchronizedRootGroup;
			path = userDefaultsDemoTests;
			sourceTree = "<group>";
		};
		9607B6DB2E06D343007E9E8B /* userDefaultsDemoUITests */ = {
			isa = PBXFileSystemSynchronizedRootGroup;
			path = userDefaultsDemoUITests;
			sourceTree = "<group>";
		};
/* End PBXFileSystemSynchronizedRootGroup section */

/* Begin PBXFrameworksBuildPhase section */
		9607B6B22E06D33A007E9E8B /* Frameworks */ = {
			isa = PBXFrameworksBuildPhase;
			buildActionMask = 2147483647;
			files = (
			);
			runOnlyForDeploymentPostprocessing = 0;
		};
		9607B6CB2E06D343007E9E8B /* Frameworks */ = {
			isa = PBXFrameworksBuildPhase;
			buildActionMask = 2147483647;
			files = (
			);
			runOnlyForDeploymentPostprocessing = 0;
		};
		9607B6D52E06D343007E9E8B /* Frameworks */ = {
			isa = PBXFrameworksBuildPhase;
			buildActionMask = 2147483647;
			files = (
			);
			runOnlyForDeploymentPostprocessing = 0;
		};
/* End PBXFrameworksBuildPhase section */

/* Begin PBXGroup section */
		9607B6AC2E06D33A007E9E8B = {
			isa = PBXGroup;
			children = (
				9607B6B72E06D33A007E9E8B /* userDefaultsDemo */,
				9607B6D12E06D343007E9E8B /* userDefaultsDemoTests */,
				9607B6DB2E06D343007E9E8B /* userDefaultsDemoUITests */,
				9607B6B62E06D33A007E9E8B /* Products */,
			);
			sourceTree = "<group>";
		};
		9607B6B62E06D33A007E9E8B /* Products */ = {
			isa = PBXGroup;
			children = (
				9607B6B52E06D33A007E9E8B /* userDefaultsDemo.app */,
				9607B6CE2E06D343007E9E8B /* userDefaultsDemoTests.xctest */,
				9607B6D82E06D343007E9E8B /* userDefaultsDemoUITests.xctest */,
			);
			name = Products;
			sourceTree = "<group>";
		};
/* End PBXGroup section */

/* Begin PBXNativeTarget section */
		9607B6B42E06D33A007E9E8B /* userDefaultsDemo */ = {
			isa = PBXNativeTarget;
			buildConfigurationList = 9607B6E12E06D343007E9E8B /* Build configuration list for PBXNativeTarget "userDefaultsDemo" */;
			buildPhases = (
				9607B6B12E06D33A007E9E8B /* Sources */,
				9607B6B22E06D33A007E9E8B /* Frameworks */,
				9607B6B32E06D33A007E9E8B /* Resources */,
			);
			buildRules = (
			);
			dependencies = (
			);
			fileSystemSynchronizedGroups = (
				9607B6B72E06D33A007E9E8B /* userDefaultsDemo */,
			);
			name = userDefaultsDemo;
			packageProductDependencies = (
			);
			productName = userDefaultsDemo;
			productReference = 9607B6B52E06D33A007E9E8B /* userDefaultsDemo.app */;
			productType = "com.apple.product-type.application";
		};
		9607B6CD2E06D343007E9E8B /* userDefaultsDemoTests */ = {
			isa = PBXNativeTarget;
			buildConfigurationList = 9607B6E62E06D343007E9E8B /* Build configuration list for PBXNativeTarget "userDefaultsDemoTests" */;
			buildPhases = (
				9607B6CA2E06D343007E9E8B /* Sources */,
				9607B6CB2E06D343007E9E8B /* Frameworks */,
				9607B6CC2E06D343007E9E8B /* Resources */,
			);
			buildRules = (
			);
			dependencies = (
				9607B6D02E06D343007E9E8B /* PBXTargetDependency */,
			);
			fileSystemSynchronizedGroups = (
				9607B6D12E06D343007E9E8B /* userDefaultsDemoTests */,
			);
			name = userDefaultsDemoTests;
			packageProductDependencies = (
			);
			productName = userDefaultsDemoTests;
			productReference = 9607B6CE2E06D343007E9E8B /* userDefaultsDemoTests.xctest */;
			productType = "com.apple.product-type.bundle.unit-test";
		};
		9607B6D72E06D343007E9E8B /* userDefaultsDemoUITests */ = {
			isa = PBXNativeTarget;
			buildConfigurationList = 9607B6E92E06D343007E9E8B /* Build configuration list for PBXNativeTarget "userDefaultsDemoUITests" */;
			buildPhases = (
				9607B6D42E06D343007E9E8B /* Sources */,
				9607B6D52E06D343007E9E8B /* Frameworks */,
				9607B6D62E06D343007E9E8B /* Resources */,
			);
			buildRules = (
			);
			dependencies = (
				9607B6DA2E06D343007E9E8B /* PBXTargetDependency */,
			);
			fileSystemSynchronizedGroups = (
				9607B6DB2E06D343007E9E8B /* userDefaultsDemoUITests */,
			);
			name = userDefaultsDemoUITests;
			packageProductDependencies = (
			);
			productName = userDefaultsDemoUITests;
			productReference = 9607B6D82E06D343007E9E8B /* userDefaultsDemoUITests.xctest */;
			productType = "com.apple.product-type.bundle.ui-testing";
		};
/* End PBXNativeTarget section */

/* Begin PBXProject section */
		9607B6AD2E06D33A007E9E8B /* Project object */ = {
			isa = PBXProject;
			attributes = {
				BuildIndependentTargetsInParallel = 1;
				LastSwiftUpdateCheck = 1640;
				LastUpgradeCheck = 1640;
				TargetAttributes = {
					9607B6B42E06D33A007E9E8B = {
						CreatedOnToolsVersion = 16.4;
					};
					9607B6CD2E06D343007E9E8B = {
						CreatedOnToolsVersion = 16.4;
						TestTargetID = 9607B6B42E06D33A007E9E8B;
					};
					9607B6D72E06D343007E9E8B = {
						CreatedOnToolsVersion = 16.4;
						TestTargetID = 9607B6B42E06D33A007E9E8B;
					};
				};
			};
			buildConfigurationList = 9607B6B02E06D33A007E9E8B /* Build configuration list for PBXProject "userDefaultsDemo" */;
			developmentRegion = en;
			hasScannedForEncodings = 0;
			knownRegions = (
				en,
				Base,
			);
			mainGroup = 9607B6AC2E06D33A007E9E8B;
			minimizedProjectReferenceProxies = 1;
			preferredProjectObjectVersion = 77;
			productRefGroup = 9607B6B62E06D33A007E9E8B /* Products */;
			projectDirPath = "";
			projectRoot = "";
			targets = (
				9607B6B42E06D33A007E9E8B /* userDefaultsDemo */,
				9607B6CD2E06D343007E9E8B /* userDefaultsDemoTests */,
				9607B6D72E06D343007E9E8B /* userDefaultsDemoUITests */,
			);
		};
/* End PBXProject section */

/* Begin PBXResourcesBuildPhase section */
		9607B6B32E06D33A007E9E8B /* Resources */ = {
			isa = PBXResourcesBuildPhase;
			buildActionMask = 2147483647;
			files = (
			);
			runOnlyForDeploymentPostprocessing = 0;
		};
		9607B6CC2E06D343007E9E8B /* Resources */ = {
			isa = PBXResourcesBuildPhase;
			buildActionMask = 2147483647;
			files = (
			);
			runOnlyForDeploymentPostprocessing = 0;
		};
		9607B6D62E06D343007E9E8B /* Resources */ = {
			isa = PBXResourcesBuildPhase;
			buildActionMask = 2147483647;
			files = (
			);
			runOnlyForDeploymentPostprocessing = 0;
		};
/* End PBXResourcesBuildPhase section */

/* Begin PBXSourcesBuildPhase section */
		9607B6B12E06D33A007E9E8B /* Sources */ = {
			isa = PBXSourcesBuildPhase;
			buildActionMask = 2147483647;
			files = (
			);
			runOnlyForDeploymentPostprocessing = 0;
		};
		9607B6CA2E06D343007E9E8B /* Sources */ = {
			isa = PBXSourcesBuildPhase;
			buildActionMask = 2147483647;
			files = (
			);
			runOnlyForDeploymentPostprocessing = 0;
		};
		9607B6D42E06D343007E9E8B /* Sources */ = {
			isa = PBXSourcesBuildPhase;
			buildActionMask = 2147483647;
			files = (
			);
			runOnlyForDeploymentPostprocessing = 0;
		};
/* End PBXSourcesBuildPhase section */

/* Begin PBXTargetDependency section */
		9607B6D02E06D343007E9E8B /* PBXTargetDependency */ = {
			isa = PBXTargetDependency;
			target = 9607B6B42E06D33A007E9E8B /* userDefaultsDemo */;
			targetProxy = 9607B6CF2E06D343007E9E8B /* PBXContainerItemProxy */;
		};
		9607B6DA2E06D343007E9E8B /* PBXTargetDependency */ = {
			isa = PBXTargetDependency;
			target = 9607B6B42E06D33A007E9E8B /* userDefaultsDemo */;
			targetProxy = 9607B6D92E06D343007E9E8B /* PBXContainerItemProxy */;
		};
/* End PBXTargetDependency section */

/* Begin XCBuildConfiguration section */
		9607B6E22E06D343007E9E8B /* Debug */ = {
			isa = XCBuildConfiguration;
			buildSettings = {
				ASSETCATALOG_COMPILER_APPICON_NAME = AppIcon;
				ASSETCATALOG_COMPILER_GLOBAL_ACCENT_COLOR_NAME = AccentColor;
				CODE_SIGN_STYLE = Automatic;
				CURRENT_PROJECT_VERSION = 1;
				GENERATE_INFOPLIST_FILE = YES;
				INFOPLIST_FILE = userDefaultsDemo/Info.plist;
				INFOPLIST_KEY_UIApplicationSupportsIndirectInputEvents = YES;
				INFOPLIST_KEY_UILaunchStoryboardName = LaunchScreen;
				INFOPLIST_KEY_UIMainStoryboardFile = Main;
				INFOPLIST_KEY_UISupportedInterfaceOrientations_iPad = "UIInterfaceOrientationPortrait UIInterfaceOrientationPortraitUpsideDown UIInterfaceOrientationLandscapeLeft UIInterfaceOrientationLandscapeRight";
				INFOPLIST_KEY_UISupportedInterfaceOrientations_iPhone = "UIInterfaceOrientationPortrait UIInterfaceOrientationLandscapeLeft UIInterfaceOrientationLandscapeRight";
				LD_RUNPATH_SEARCH_PATHS = (
					"$(inherited)",
					"@executable_path/Frameworks",
				);
				MARKETING_VERSION = 1.0;
				PRODUCT_BUNDLE_IDENTIFIER = com.parvanacanan.userDefaultsDemo;
				PRODUCT_NAME = "$(TARGET_NAME)";
				SWIFT_EMIT_LOC_STRINGS = YES;
				SWIFT_VERSION = 5.0;
				TARGETED_DEVICE_FAMILY = "1,2";
			};
			name = Debug;
		};
		9607B6E32E06D343007E9E8B /* Release */ = {
			isa = XCBuildConfiguration;
			buildSettings = {
				ASSETCATALOG_COMPILER_APPICON_NAME = AppIcon;
				ASSETCATALOG_COMPILER_GLOBAL_ACCENT_COLOR_NAME = AccentColor;
				CODE_SIGN_STYLE = Automatic;
				CURRENT_PROJECT_VERSION = 1;
				GENERATE_INFOPLIST_FILE = YES;
				INFOPLIST_FILE = userDefaultsDemo/Info.plist;
				INFOPLIST_KEY_UIApplicationSupportsIndirectInputEvents = YES;
				INFOPLIST_KEY_UILaunchStoryboardName = LaunchScreen;
				INFOPLIST_KEY_UIMainStoryboardFile = Main;
				INFOPLIST_KEY_UISupportedInterfaceOrientations_iPad = "UIInterfaceOrientationPortrait UIInterfaceOrientationPortraitUpsideDown UIInterfaceOrientationLandscapeLeft UIInterfaceOrientationLandscapeRight";
				INFOPLIST_KEY_UISupportedInterfaceOrientations_iPhone = "UIInterfaceOrientationPortrait UIInterfaceOrientationLandscapeLeft UIInterfaceOrientationLandscapeRight";
				LD_RUNPATH_SEARCH_PATHS = (
					"$(inherited)",
					"@executable_path/Frameworks",
				);
				MARKETING_VERSION = 1.0;
				PRODUCT_BUNDLE_IDENTIFIER = com.parvanacanan.userDefaultsDemo;
				PRODUCT_NAME = "$(TARGET_NAME)";
				SWIFT_EMIT_LOC_STRINGS = YES;
				SWIFT_VERSION = 5.0;
				TARGETED_DEVICE_FAMILY = "1,2";
			};
			name = Release;
		};
		9607B6E42E06D343007E9E8B /* Debug */ = {
			isa = XCBuildConfiguration;
			buildSettings = {
				ALWAYS_SEARCH_USER_PATHS = NO;
				ASSETCATALOG_COMPILER_GENERATE_SWIFT_ASSET_SYMBOL_EXTENSIONS = YES;
				CLANG_ANALYZER_NONNULL = YES;
				CLANG_ANALYZER_NUMBER_OBJECT_CONVERSION = YES_AGGRESSIVE;
				CLANG_CXX_LANGUAGE_STANDARD = "gnu++20";
				CLANG_ENABLE_MODULES = YES;
				CLANG_ENABLE_OBJC_ARC = YES;
				CLANG_ENABLE_OBJC_WEAK = YES;
				CLANG_WARN_BLOCK_CAPTURE_AUTORELEASING = YES;
				CLANG_WARN_BOOL_CONVERSION = YES;
				CLANG_WARN_COMMA = YES;
				CLANG_WARN_CONSTANT_CONVERSION = YES;
				CLANG_WARN_DEPRECATED_OBJC_IMPLEMENTATIONS = YES;
				CLANG_WARN_DIRECT_OBJC_ISA_USAGE = YES_ERROR;
				CLANG_WARN_DOCUMENTATION_COMMENTS = YES;
				CLANG_WARN_EMPTY_BODY = YES;
				CLANG_WARN_ENUM_CONVERSION = YES;
				CLANG_WARN_INFINITE_RECURSION = YES;
				CLANG_WARN_INT_CONVERSION = YES;
				CLANG_WARN_NON_LITERAL_NULL_CONVERSION = YES;
				CLANG_WARN_OBJC_IMPLICIT_RETAIN_SELF = YES;
				CLANG_WARN_OBJC_LITERAL_CONVERSION = YES;
				CLANG_WARN_OBJC_ROOT_CLASS = YES_ERROR;
				CLANG_WARN_QUOTED_INCLUDE_IN_FRAMEWORK_HEADER = YES;
				CLANG_WARN_RANGE_LOOP_ANALYSIS = YES;
				CLANG_WARN_STRICT_PROTOTYPES = YES;
				CLANG_WARN_SUSPICIOUS_MOVE = YES;
				CLANG_WARN_UNGUARDED_AVAILABILITY = YES_AGGRESSIVE;
				CLANG_WARN_UNREACHABLE_CODE = YES;
				CLANG_WARN__DUPLICATE_METHOD_MATCH = YES;
				COPY_PHASE_STRIP = NO;
				DEBUG_INFORMATION_FORMAT = dwarf;
				ENABLE_STRICT_OBJC_MSGSEND = YES;
				ENABLE_TESTABILITY = YES;
				ENABLE_USER_SCRIPT_SANDBOXING = YES;
				GCC_C_LANGUAGE_STANDARD = gnu17;
				GCC_DYNAMIC_NO_PIC = NO;
				GCC_NO_COMMON_BLOCKS = YES;
				GCC_OPTIMIZATION_LEVEL = 0;
				GCC_PREPROCESSOR_DEFINITIONS = (
					"DEBUG=1",
					"$(inherited)",
				);
				GCC_WARN_64_TO_32_BIT_CONVERSION = YES;
				GCC_WARN_ABOUT_RETURN_TYPE = YES_ERROR;
				GCC_WARN_UNDECLARED_SELECTOR = YES;
				GCC_WARN_UNINITIALIZED_AUTOS = YES_AGGRESSIVE;
				GCC_WARN_UNUSED_FUNCTION = YES;
				GCC_WARN_UNUSED_VARIABLE = YES;
				IPHONEOS_DEPLOYMENT_TARGET = 18.5;
				LOCALIZATION_PREFERS_STRING_CATALOGS = YES;
				MTL_ENABLE_DEBUG_INFO = INCLUDE_SOURCE;
				MTL_FAST_MATH = YES;
				ONLY_ACTIVE_ARCH = YES;
				SDKROOT = iphoneos;
				SWIFT_ACTIVE_COMPILATION_CONDITIONS = "DEBUG $(inherited)";
				SWIFT_OPTIMIZATION_LEVEL = "-Onone";
			};
			name = Debug;
		};
		9607B6E52E06D343007E9E8B /* Release */ = {
			isa = XCBuildConfiguration;
			buildSettings = {
				ALWAYS_SEARCH_USER_PATHS = NO;
				ASSETCATALOG_COMPILER_GENERATE_SWIFT_ASSET_SYMBOL_EXTENSIONS = YES;
				CLANG_ANALYZER_NONNULL = YES;
				CLANG_ANALYZER_NUMBER_OBJECT_CONVERSION = YES_AGGRESSIVE;
				CLANG_CXX_LANGUAGE_STANDARD = "gnu++20";
				CLANG_ENABLE_MODULES = YES;
				CLANG_ENABLE_OBJC_ARC = YES;
				CLANG_ENABLE_OBJC_WEAK = YES;
				CLANG_WARN_BLOCK_CAPTURE_AUTORELEASING = YES;
				CLANG_WARN_BOOL_CONVERSION = YES;
				CLANG_WARN_COMMA = YES;
				CLANG_WARN_CONSTANT_CONVERSION = YES;
				CLANG_WARN_DEPRECATED_OBJC_IMPLEMENTATIONS = YES;
				CLANG_WARN_DIRECT_OBJC_ISA_USAGE = YES_ERROR;
				CLANG_WARN_DOCUMENTATION_COMMENTS = YES;
				CLANG_WARN_EMPTY_BODY = YES;
				CLANG_WARN_ENUM_CONVERSION = YES;
				CLANG_WARN_INFINITE_RECURSION = YES;
				CLANG_WARN_INT_CONVERSION = YES;
				CLANG_WARN_NON_LITERAL_NULL_CONVERSION = YES;
				CLANG_WARN_OBJC_IMPLICIT_RETAIN_SELF = YES;
				CLANG_WARN_OBJC_LITERAL_CONVERSION = YES;
				CLANG_WARN_OBJC_ROOT_CLASS = YES_ERROR;
				CLANG_WARN_QUOTED_INCLUDE_IN_FRAMEWORK_HEADER = YES;
				CLANG_WARN_RANGE_LOOP_ANALYSIS = YES;
				CLANG_WARN_STRICT_PROTOTYPES = YES;
				CLANG_WARN_SUSPICIOUS_MOVE = YES;
				CLANG_WARN_UNGUARDED_AVAILABILITY = YES_AGGRESSIVE;
				CLANG_WARN_UNREACHABLE_CODE = YES;
				CLANG_WARN__DUPLICATE_METHOD_MATCH = YES;
				COPY_PHASE_STRIP = NO;
				DEBUG_INFORMATION_FORMAT = "dwarf-with-dsym";
				ENABLE_NS_ASSERTIONS = NO;
				ENABLE_STRICT_OBJC_MSGSEND = YES;
				ENABLE_USER_SCRIPT_SANDBOXING = YES;
				GCC_C_LANGUAGE_STANDARD = gnu17;
				GCC_NO_COMMON_BLOCKS = YES;
				GCC_WARN_64_TO_32_BIT_CONVERSION = YES;
				GCC_WARN_ABOUT_RETURN_TYPE = YES_ERROR;
				GCC_WARN_UNDECLARED_SELECTOR = YES;
				GCC_WARN_UNINITIALIZED_AUTOS = YES_AGGRESSIVE;
				GCC_WARN_UNUSED_FUNCTION = YES;
				GCC_WARN_UNUSED_VARIABLE = YES;
				IPHONEOS_DEPLOYMENT_TARGET = 18.5;
				LOCALIZATION_PREFERS_STRING_CATALOGS = YES;
				MTL_ENABLE_DEBUG_INFO = NO;
				MTL_FAST_MATH = YES;
				SDKROOT = iphoneos;
				SWIFT_COMPILATION_MODE = wholemodule;
				VALIDATE_PRODUCT = YES;
			};
			name = Release;
		};
		9607B6E72E06D343007E9E8B /* Debug */ = {
			isa = XCBuildConfiguration;
			buildSettings = {
				BUNDLE_LOADER = "$(TEST_HOST)";
				CODE_SIGN_STYLE = Automatic;
				CURRENT_PROJECT_VERSION = 1;
				GENERATE_INFOPLIST_FILE = YES;
				IPHONEOS_DEPLOYMENT_TARGET = 18.5;
				MARKETING_VERSION = 1.0;
				PRODUCT_BUNDLE_IDENTIFIER = com.parvanacanan.userDefaultsDemoTests;
				PRODUCT_NAME = "$(TARGET_NAME)";
				SWIFT_EMIT_LOC_STRINGS = NO;
				SWIFT_VERSION = 5.0;
				TARGETED_DEVICE_FAMILY = "1,2";
				TEST_HOST = "$(BUILT_PRODUCTS_DIR)/userDefaultsDemo.app/$(BUNDLE_EXECUTABLE_FOLDER_PATH)/userDefaultsDemo";
			};
			name = Debug;
		};
		9607B6E82E06D343007E9E8B /* Release */ = {
			isa = XCBuildConfiguration;
			buildSettings = {
				BUNDLE_LOADER = "$(TEST_HOST)";
				CODE_SIGN_STYLE = Automatic;
				CURRENT_PROJECT_VERSION = 1;
				GENERATE_INFOPLIST_FILE = YES;
				IPHONEOS_DEPLOYMENT_TARGET = 18.5;
				MARKETING_VERSION = 1.0;
				PRODUCT_BUNDLE_IDENTIFIER = com.parvanacanan.userDefaultsDemoTests;
				PRODUCT_NAME = "$(TARGET_NAME)";
				SWIFT_EMIT_LOC_STRINGS = NO;
				SWIFT_VERSION = 5.0;
				TARGETED_DEVICE_FAMILY = "1,2";
				TEST_HOST = "$(BUILT_PRODUCTS_DIR)/userDefaultsDemo.app/$(BUNDLE_EXECUTABLE_FOLDER_PATH)/userDefaultsDemo";
			};
			name = Release;
		};
		9607B6EA2E06D343007E9E8B /* Debug */ = {
			isa = XCBuildConfiguration;
			buildSettings = {
				CODE_SIGN_STYLE = Automatic;
				CURRENT_PROJECT_VERSION = 1;
				GENERATE_INFOPLIST_FILE = YES;
				MARKETING_VERSION = 1.0;
				PRODUCT_BUNDLE_IDENTIFIER = com.parvanacanan.userDefaultsDemoUITests;
				PRODUCT_NAME = "$(TARGET_NAME)";
				SWIFT_EMIT_LOC_STRINGS = NO;
				SWIFT_VERSION = 5.0;
				TARGETED_DEVICE_FAMILY = "1,2";
				TEST_TARGET_NAME = userDefaultsDemo;
			};
			name = Debug;
		};
		9607B6EB2E06D343007E9E8B /* Release */ = {
			isa = XCBuildConfiguration;
			buildSettings = {
				CODE_SIGN_STYLE = Automatic;
				CURRENT_PROJECT_VERSION = 1;
				GENERATE_INFOPLIST_FILE = YES;
				MARKETING_VERSION = 1.0;
				PRODUCT_BUNDLE_IDENTIFIER = com.parvanacanan.userDefaultsDemoUITests;
				PRODUCT_NAME = "$(TARGET_NAME)";
				SWIFT_EMIT_LOC_STRINGS = NO;
				SWIFT_VERSION = 5.0;
				TARGETED_DEVICE_FAMILY = "1,2";
				TEST_TARGET_NAME = userDefaultsDemo;
			};
			name = Release;
		};
/* End XCBuildConfiguration section */

/* Begin XCConfigurationList section */
		9607B6B02E06D33A007E9E8B /* Build configuration list for PBXProject "userDefaultsDemo" */ = {
			isa = XCConfigurationList;
			buildConfigurations = (
				9607B6E42E06D343007E9E8B /* Debug */,
				9607B6E52E06D343007E9E8B /* Release */,
			);
			defaultConfigurationIsVisible = 0;
			defaultConfigurationName = Release;
		};
		9607B6E12E06D343007E9E8B /* Build configuration list for PBXNativeTarget "userDefaultsDemo" */ = {
			isa = XCConfigurationList;
			buildConfigurations = (
				9607B6E22E06D343007E9E8B /* Debug */,
				9607B6E32E06D343007E9E8B /* Release */,
			);
			defaultConfigurationIsVisible = 0;
			defaultConfigurationName = Release;
		};
		9607B6E62E06D343007E9E8B /* Build configuration list for PBXNativeTarget "userDefaultsDemoTests" */ = {
			isa = XCConfigurationList;
			buildConfigurations = (
				9607B6E72E06D343007E9E8B /* Debug */,
				9607B6E82E06D343007E9E8B /* Release */,
			);
			defaultConfigurationIsVisible = 0;
			defaultConfigurationName = Release;
		};
		9607B6E92E06D343007E9E8B /* Build configuration list for PBXNativeTarget "userDefaultsDemoUITests" */ = {
			isa = XCConfigurationList;
			buildConfigurations = (
				9607B6EA2E06D343007E9E8B /* Debug */,
				9607B6EB2E06D343007E9E8B /* Release */,
			);
			defaultConfigurationIsVisible = 0;
			defaultConfigurationName = Release;
		};
/* End XCConfigurationList section */
	};
	rootObject = 9607B6AD2E06D33A007E9E8B /* Project object */;
}
